
Microsoft Visual Studio Solution File, Format Version 12.00
# Visual Studio Version 17
VisualStudioVersion = 17.10.34928.147
MinimumVisualStudioVersion = 10.0.40219.1
Project("{FAE04EC0-301F-11D3-BF4B-00C04F79EFBC}") = "ExtInumerable", "ExtInumerable\ExtInumerable.csproj", "{4BEFF0DA-3577-4E48-900D-C2C88B21D292}"
EndProject
Global
	GlobalSection(SolutionConfigurationPlatforms) = preSolution
		Debug|Any CPU = Debug|Any CPU
		Release|Any CPU = Release|Any CPU
	EndGlobalSection
	GlobalSection(ProjectConfigurationPlatforms) = postSolution
		{4BEFF0DA-3577-4E48-900D-C2C88B21D292}.Debug|Any CPU.ActiveCfg = Debug|Any CPU
		{4BEFF0DA-3577-4E48-900D-C2C88B21D292}.Debug|Any CPU.Build.0 = Debug|Any CPU
		{4BEFF0DA-3577-4E48-900D-C2C88B21D292}.Release|Any CPU.ActiveCfg = Release|Any CPU
		{4BEFF0DA-3577-4E48-900D-C2C88B21D292}.Release|Any CPU.Build.0 = Release|Any CPU
	EndGlobalSection
	GlobalSection(SolutionProperties) = preSolution
		HideSolutionNode = FALSE
	EndGlobalSection
	GlobalSection(ExtensibilityGlobals) = postSolution
		SolutionGuid = {4F05A410-C86F-4B6C-A42A-3C60A743DCC0}
	EndGlobalSection
EndGlobal
